{
  "name": "react-component-ci",
  "version": "1.0.7",
  "lockfileVersion": 2,
  "requires": true,
  "packages": {
    "": {
      "name": "react-component-ci",
      "version": "1.0.7",
      "license": "MIT",
      "dependencies": {
        "react-component-ci": "^1.0.7"
      },
      "bin": {
        "generate-rfc": "bin/generate-rfc.js"
      }
    },
    "node_modules/react-component-ci": {
      "version": "1.0.7",
      "resolved": "https://registry.npmjs.org/react-component-ci/-/react-component-ci-1.0.7.tgz",
      "integrity": "sha512-xhBoxsMVplfZc9dU0bLneG0Zmrv4NW+A9QhC2KWLFrPi+iHaPaDYW1sHg+F3MhTR7uMIs8QSbukTT/ebamIIZw==",
      "bin": {
        "generate-rfc": "bin/generate-rfc.js"
      }
    }
  },
  "dependencies": {
    "react-component-ci": {
      "version": "1.0.7",
      "resolved": "https://registry.npmjs.org/react-component-ci/-/react-component-ci-1.0.7.tgz",
      "integrity": "sha512-xhBoxsMVplfZc9dU0bLneG0Zmrv4NW+A9QhC2KWLFrPi+iHaPaDYW1sHg+F3MhTR7uMIs8QSbukTT/ebamIIZw=="
    }
  }
}
